
Microsoft Visual Studio Solution File, Format Version 12.00
# Visual Studio Version 16
VisualStudioVersion = 16.0.30413.136
MinimumVisualStudioVersion = 10.0.40219.1
Project("{8BC9CEB8-8B4A-11D0-8D11-00A0C91BC942}") = "Painter", "Painter\Painter.vcxproj", "{A7087F4F-4307-4968-901F-3620E07A6E52}"
EndProject
Project("{8BC9CEB8-8B4A-11D0-8D11-00A0C91BC942}") = "PainterTests", "PainterTests\PainterTests.vcxproj", "{5B4E0AA9-0469-4995-8CF6-15503BD0C4F0}"
EndProject
Global
	GlobalSection(SolutionConfigurationPlatforms) = preSolution
		Debug|x64 = Debug|x64
		Debug|x86 = Debug|x86
		Release|x64 = Release|x64
		Release|x86 = Release|x86
	EndGlobalSection
	GlobalSection(ProjectConfigurationPlatforms) = postSolution
		{A7087F4F-4307-4968-901F-3620E07A6E52}.Debug|x64.ActiveCfg = Debug|x64
		{A7087F4F-4307-4968-901F-3620E07A6E52}.Debug|x64.Build.0 = Debug|x64
		{A7087F4F-4307-4968-901F-3620E07A6E52}.Debug|x86.ActiveCfg = Debug|Win32
		{A7087F4F-4307-4968-901F-3620E07A6E52}.Debug|x86.Build.0 = Debug|Win32
		{A7087F4F-4307-4968-901F-3620E07A6E52}.Release|x64.ActiveCfg = Release|x64
		{A7087F4F-4307-4968-901F-3620E07A6E52}.Release|x64.Build.0 = Release|x64
		{A7087F4F-4307-4968-901F-3620E07A6E52}.Release|x86.ActiveCfg = Release|Win32
		{A7087F4F-4307-4968-901F-3620E07A6E52}.Release|x86.Build.0 = Release|Win32
		{5B4E0AA9-0469-4995-8CF6-15503BD0C4F0}.Debug|x64.ActiveCfg = Debug|x64
		{5B4E0AA9-0469-4995-8CF6-15503BD0C4F0}.Debug|x64.Build.0 = Debug|x64
		{5B4E0AA9-0469-4995-8CF6-15503BD0C4F0}.Debug|x86.ActiveCfg = Debug|Win32
		{5B4E0AA9-0469-4995-8CF6-15503BD0C4F0}.Debug|x86.Build.0 = Debug|Win32
		{5B4E0AA9-0469-4995-8CF6-15503BD0C4F0}.Release|x64.ActiveCfg = Release|x64
		{5B4E0AA9-0469-4995-8CF6-15503BD0C4F0}.Release|x64.Build.0 = Release|x64
		{5B4E0AA9-0469-4995-8CF6-15503BD0C4F0}.Release|x86.ActiveCfg = Release|Win32
		{5B4E0AA9-0469-4995-8CF6-15503BD0C4F0}.Release|x86.Build.0 = Release|Win32
	EndGlobalSection
	GlobalSection(SolutionProperties) = preSolution
		HideSolutionNode = FALSE
	EndGlobalSection
	GlobalSection(ExtensibilityGlobals) = postSolution
		SolutionGuid = {3408DCC0-4ABD-4C1C-ACFD-6010DE3C9A60}
	EndGlobalSection
EndGlobal
